# Auto-generated lockfile for nyx package manager
# Manual modifications will be overwritten
lockfile_version = 1
manifest_version = "0.1.0"
target = "cpp"

[resolved_dependencies]
stats_core = "1.0.0"

[local_dependencies]
stats_core = { checksum = "sha256:d3ad71fe583558b0eede9208acbf9cf1b8be83397a402a239a9a90b1c131b6da", path = "packages/stats_core", version = "1.0.0" }
